
Microsoft Visual Studio Solution File, Format Version 12.00
# Visual Studio Version 17
VisualStudioVersion = 17.14.36518.9 d17.14
MinimumVisualStudioVersion = 10.0.40219.1
Project("{FAE04EC0-301F-11D3-BF4B-00C04F79EFBC}") = "GymManagementPL", "GymManagementPL\GymManagementPL.csproj", "{071C9974-BBC8-4CAC-A313-3BFDB974ABBF}"
EndProject
Project("{FAE04EC0-301F-11D3-BF4B-00C04F79EFBC}") = "GymManagementDAL", "GymManagementDAL\GymManagementDAL.csproj", "{3A4BB8DC-DC26-405C-A1BF-B6B5F999DCA3}"
EndProject
Project("{FAE04EC0-301F-11D3-BF4B-00C04F79EFBC}") = "GymManagementBLL", "GymManagementBLL\GymManagementBLL.csproj", "{14A3AA54-6579-4C61-A9C4-B12383FCE2C7}"
EndProject
Global
	GlobalSection(SolutionConfigurationPlatforms) = preSolution
		Debug|Any CPU = Debug|Any CPU
		Release|Any CPU = Release|Any CPU
	EndGlobalSection
	GlobalSection(ProjectConfigurationPlatforms) = postSolution
		{071C9974-BBC8-4CAC-A313-3BFDB974ABBF}.Debug|Any CPU.ActiveCfg = Debug|Any CPU
		{071C9974-BBC8-4CAC-A313-3BFDB974ABBF}.Debug|Any CPU.Build.0 = Debug|Any CPU
		{071C9974-BBC8-4CAC-A313-3BFDB974ABBF}.Release|Any CPU.ActiveCfg = Release|Any CPU
		{071C9974-BBC8-4CAC-A313-3BFDB974ABBF}.Release|Any CPU.Build.0 = Release|Any CPU
		{3A4BB8DC-DC26-405C-A1BF-B6B5F999DCA3}.Debug|Any CPU.ActiveCfg = Debug|Any CPU
		{3A4BB8DC-DC26-405C-A1BF-B6B5F999DCA3}.Debug|Any CPU.Build.0 = Debug|Any CPU
		{3A4BB8DC-DC26-405C-A1BF-B6B5F999DCA3}.Release|Any CPU.ActiveCfg = Release|Any CPU
		{3A4BB8DC-DC26-405C-A1BF-B6B5F999DCA3}.Release|Any CPU.Build.0 = Release|Any CPU
		{14A3AA54-6579-4C61-A9C4-B12383FCE2C7}.Debug|Any CPU.ActiveCfg = Debug|Any CPU
		{14A3AA54-6579-4C61-A9C4-B12383FCE2C7}.Debug|Any CPU.Build.0 = Debug|Any CPU
		{14A3AA54-6579-4C61-A9C4-B12383FCE2C7}.Release|Any CPU.ActiveCfg = Release|Any CPU
		{14A3AA54-6579-4C61-A9C4-B12383FCE2C7}.Release|Any CPU.Build.0 = Release|Any CPU
	EndGlobalSection
	GlobalSection(SolutionProperties) = preSolution
		HideSolutionNode = FALSE
	EndGlobalSection
	GlobalSection(ExtensibilityGlobals) = postSolution
		SolutionGuid = {D2096E82-0B85-4B7E-AF2E-C5F28FE3FCB8}
	EndGlobalSection
EndGlobal
